
Microsoft Visual Studio Solution File, Format Version 12.00
# Visual Studio Version 17
VisualStudioVersion = 17.9.34616.47
MinimumVisualStudioVersion = 10.0.40219.1
Project("{FAE04EC0-301F-11D3-BF4B-00C04F79EFBC}") = "pathFinding", "pathFinding\pathFinding.csproj", "{04AA5266-FA09-43B9-9BFC-504536B4F6B6}"
EndProject
Global
	GlobalSection(SolutionConfigurationPlatforms) = preSolution
		Debug|Any CPU = Debug|Any CPU
		Release|Any CPU = Release|Any CPU
	EndGlobalSection
	GlobalSection(ProjectConfigurationPlatforms) = postSolution
		{04AA5266-FA09-43B9-9BFC-504536B4F6B6}.Debug|Any CPU.ActiveCfg = Debug|Any CPU
		{04AA5266-FA09-43B9-9BFC-504536B4F6B6}.Debug|Any CPU.Build.0 = Debug|Any CPU
		{04AA5266-FA09-43B9-9BFC-504536B4F6B6}.Release|Any CPU.ActiveCfg = Release|Any CPU
		{04AA5266-FA09-43B9-9BFC-504536B4F6B6}.Release|Any CPU.Build.0 = Release|Any CPU
	EndGlobalSection
	GlobalSection(SolutionProperties) = preSolution
		HideSolutionNode = FALSE
	EndGlobalSection
	GlobalSection(ExtensibilityGlobals) = postSolution
		SolutionGuid = {77D4F79D-EFF9-4D08-8682-4F768B2CAB1B}
	EndGlobalSection
EndGlobal
